// !$*UTF8*$!
{
	archiveVersion = 1;
	classes = {
	};
	objectVersion = 50;
	objects = {

/* Begin PBXBuildFile section */
		0C1FDCAF5BFD5F5140268783 /* Pods_Enceladus_2_0.framework in Frameworks */ = {isa = PBXBuildFile; fileRef = 4F4F61796FD246198C0438AD /* Pods_Enceladus_2_0.framework */; };
		7C087E7D16C6C9161EF52E41 /* Pods_Enceladus_2_0Tests.framework in Frameworks */ = {isa = PBXBuildFile; fileRef = 9797082BEC89CC77192813FF /* Pods_Enceladus_2_0Tests.framework */; };
		D60F30D4106FAB20A1D31873 /* Pods_Enceladus_2_0UITests.framework in Frameworks */ = {isa = PBXBuildFile; fileRef = E2EB21673B8276B24CAFD060 /* Pods_Enceladus_2_0UITests.framework */; };
		F85FEFCA21ABFF6A00B4EE81 /* AppDelegate.swift in Sources */ = {isa = PBXBuildFile; fileRef = F85FEFC921ABFF6A00B4EE81 /* AppDelegate.swift */; };
		F85FEFCF21ABFF6A00B4EE81 /* Main.storyboard in Resources */ = {isa = PBXBuildFile; fileRef = F85FEFCD21ABFF6A00B4EE81 /* Main.storyboard */; };
		F85FEFD121ABFF6C00B4EE81 /* Assets.xcassets in Resources */ = {isa = PBXBuildFile; fileRef = F85FEFD021ABFF6C00B4EE81 /* Assets.xcassets */; };
		F85FEFD421ABFF6C00B4EE81 /* LaunchScreen.storyboard in Resources */ = {isa = PBXBuildFile; fileRef = F85FEFD221ABFF6C00B4EE81 /* LaunchScreen.storyboard */; };
		F85FEFDF21ABFF6C00B4EE81 /* Enceladus_2_0Tests.swift in Sources */ = {isa = PBXBuildFile; fileRef = F85FEFDE21ABFF6C00B4EE81 /* Enceladus_2_0Tests.swift */; };
		F85FEFEA21ABFF6C00B4EE81 /* Enceladus_2_0UITests.swift in Sources */ = {isa = PBXBuildFile; fileRef = F85FEFE921ABFF6C00B4EE81 /* Enceladus_2_0UITests.swift */; };
		F85FEFF921AC02FD00B4EE81 /* BaseCoordinator.swift in Sources */ = {isa = PBXBuildFile; fileRef = F85FEFF821AC02FD00B4EE81 /* BaseCoordinator.swift */; };
		F85FEFFC21AC1D6100B4EE81 /* Repository.swift in Sources */ = {isa = PBXBuildFile; fileRef = F85FEFFB21AC1D6100B4EE81 /* Repository.swift */; };
		F85FF00221AC23C000B4EE81 /* RepositoryOverviewViewController.swift in Sources */ = {isa = PBXBuildFile; fileRef = F85FF00121AC23C000B4EE81 /* RepositoryOverviewViewController.swift */; };
		F85FF00421AC23E300B4EE81 /* RepositoryOverviewViewModel.swift in Sources */ = {isa = PBXBuildFile; fileRef = F85FF00321AC23E300B4EE81 /* RepositoryOverviewViewModel.swift */; };
		F85FF00621AC256C00B4EE81 /* RepositoryCell.swift in Sources */ = {isa = PBXBuildFile; fileRef = F85FF00521AC256C00B4EE81 /* RepositoryCell.swift */; };
		F85FF00821AC449E00B4EE81 /* RepositoryListCoordinator.swift in Sources */ = {isa = PBXBuildFile; fileRef = F85FF00721AC449E00B4EE81 /* RepositoryListCoordinator.swift */; };
		F85FF00A21AC484D00B4EE81 /* AppCoordinator.swift in Sources */ = {isa = PBXBuildFile; fileRef = F85FF00921AC484D00B4EE81 /* AppCoordinator.swift */; };
		F85FF00D21AC4DE000B4EE81 /* LanguageListViewController.swift in Sources */ = {isa = PBXBuildFile; fileRef = F85FF00C21AC4DE000B4EE81 /* LanguageListViewController.swift */; };
		F85FF00F21AC4E7B00B4EE81 /* LanguageListViewModel.swift in Sources */ = {isa = PBXBuildFile; fileRef = F85FF00E21AC4E7B00B4EE81 /* LanguageListViewModel.swift */; };
		F85FF01121AC55EA00B4EE81 /* LanguageListCoordinator.swift in Sources */ = {isa = PBXBuildFile; fileRef = F85FF01021AC55EA00B4EE81 /* LanguageListCoordinator.swift */; };
		F85FF04D21B0138000B4EE81 /* Http.swift in Sources */ = {isa = PBXBuildFile; fileRef = F85FF04C21B0138000B4EE81 /* Http.swift */; };
		F85FF04F21B014F700B4EE81 /* Encoding.swift in Sources */ = {isa = PBXBuildFile; fileRef = F85FF04E21B014F700B4EE81 /* Encoding.swift */; };
		F85FF05121B01F5F00B4EE81 /* Router.swift in Sources */ = {isa = PBXBuildFile; fileRef = F85FF05021B01F5F00B4EE81 /* Router.swift */; };
		F85FF05321B031FC00B4EE81 /* NetworkLogger.swift in Sources */ = {isa = PBXBuildFile; fileRef = F85FF05221B031FC00B4EE81 /* NetworkLogger.swift */; };
		F85FF05521B0334500B4EE81 /* MainViewController.swift in Sources */ = {isa = PBXBuildFile; fileRef = F85FF05421B0334500B4EE81 /* MainViewController.swift */; };
		F85FF05721B0339F00B4EE81 /* Repos.swift in Sources */ = {isa = PBXBuildFile; fileRef = F85FF05621B0339F00B4EE81 /* Repos.swift */; };
		F85FF05A21B0347900B4EE81 /* GitHubService.swift in Sources */ = {isa = PBXBuildFile; fileRef = F85FF05921B0347900B4EE81 /* GitHubService.swift */; };
		F85FF05C21B0390500B4EE81 /* NetworkManager.swift in Sources */ = {isa = PBXBuildFile; fileRef = F85FF05B21B0390500B4EE81 /* NetworkManager.swift */; };
/* End PBXBuildFile section */

/* Begin PBXContainerItemProxy section */
		F85FEFDB21ABFF6C00B4EE81 /* PBXContainerItemProxy */ = {
			isa = PBXContainerItemProxy;
			containerPortal = F85FEFBE21ABFF6A00B4EE81 /* Project object */;
			proxyType = 1;
			remoteGlobalIDString = F85FEFC521ABFF6A00B4EE81;
			remoteInfo = "Enceladus 2.0";
		};
		F85FEFE621ABFF6C00B4EE81 /* PBXContainerItemProxy */ = {
			isa = PBXContainerItemProxy;
			containerPortal = F85FEFBE21ABFF6A00B4EE81 /* Project object */;
			proxyType = 1;
			remoteGlobalIDString = F85FEFC521ABFF6A00B4EE81;
			remoteInfo = "Enceladus 2.0";
		};
/* End PBXContainerItemProxy section */

/* Begin PBXFileReference section */
		201868147358A9B0442B1D4D /* Pods-Enceladus 2.0UITests.release.xcconfig */ = {isa = PBXFileReference; includeInIndex = 1; lastKnownFileType = text.xcconfig; name = "Pods-Enceladus 2.0UITests.release.xcconfig"; path = "Pods/Target Support Files/Pods-Enceladus 2.0UITests/Pods-Enceladus 2.0UITests.release.xcconfig"; sourceTree = "<group>"; };
		4972E184CD27A91C9CB03FBE /* Pods-Enceladus 2.0Tests.debug.xcconfig */ = {isa = PBXFileReference; includeInIndex = 1; lastKnownFileType = text.xcconfig; name = "Pods-Enceladus 2.0Tests.debug.xcconfig"; path = "Pods/Target Support Files/Pods-Enceladus 2.0Tests/Pods-Enceladus 2.0Tests.debug.xcconfig"; sourceTree = "<group>"; };
		4F4F61796FD246198C0438AD /* Pods_Enceladus_2_0.framework */ = {isa = PBXFileReference; explicitFileType = wrapper.framework; includeInIndex = 0; path = Pods_Enceladus_2_0.framework; sourceTree = BUILT_PRODUCTS_DIR; };
		6E19CF06F322422F37364C98 /* Pods-Enceladus 2.0.release.xcconfig */ = {isa = PBXFileReference; includeInIndex = 1; lastKnownFileType = text.xcconfig; name = "Pods-Enceladus 2.0.release.xcconfig"; path = "Pods/Target Support Files/Pods-Enceladus 2.0/Pods-Enceladus 2.0.release.xcconfig"; sourceTree = "<group>"; };
		9797082BEC89CC77192813FF /* Pods_Enceladus_2_0Tests.framework */ = {isa = PBXFileReference; explicitFileType = wrapper.framework; includeInIndex = 0; path = Pods_Enceladus_2_0Tests.framework; sourceTree = BUILT_PRODUCTS_DIR; };
		C7B16124DAD1BF87C5DB3198 /* Pods-Enceladus 2.0Tests.release.xcconfig */ = {isa = PBXFileReference; includeInIndex = 1; lastKnownFileType = text.xcconfig; name = "Pods-Enceladus 2.0Tests.release.xcconfig"; path = "Pods/Target Support Files/Pods-Enceladus 2.0Tests/Pods-Enceladus 2.0Tests.release.xcconfig"; sourceTree = "<group>"; };
		D0A0B8346C15741E1BF6EE41 /* Pods-Enceladus 2.0UITests.debug.xcconfig */ = {isa = PBXFileReference; includeInIndex = 1; lastKnownFileType = text.xcconfig; name = "Pods-Enceladus 2.0UITests.debug.xcconfig"; path = "Pods/Target Support Files/Pods-Enceladus 2.0UITests/Pods-Enceladus 2.0UITests.debug.xcconfig"; sourceTree = "<group>"; };
		E2EB21673B8276B24CAFD060 /* Pods_Enceladus_2_0UITests.framework */ = {isa = PBXFileReference; explicitFileType = wrapper.framework; includeInIndex = 0; path = Pods_Enceladus_2_0UITests.framework; sourceTree = BUILT_PRODUCTS_DIR; };
		E763B133BE61532C040A6C36 /* Pods-Enceladus 2.0.debug.xcconfig */ = {isa = PBXFileReference; includeInIndex = 1; lastKnownFileType = text.xcconfig; name = "Pods-Enceladus 2.0.debug.xcconfig"; path = "Pods/Target Support Files/Pods-Enceladus 2.0/Pods-Enceladus 2.0.debug.xcconfig"; sourceTree = "<group>"; };
		F85FEFC621ABFF6A00B4EE81 /* Enceladus 2.0.app */ = {isa = PBXFileReference; explicitFileType = wrapper.application; includeInIndex = 0; path = "Enceladus 2.0.app"; sourceTree = BUILT_PRODUCTS_DIR; };
		F85FEFC921ABFF6A00B4EE81 /* AppDelegate.swift */ = {isa = PBXFileReference; lastKnownFileType = sourcecode.swift; path = AppDelegate.swift; sourceTree = "<group>"; };
		F85FEFCE21ABFF6A00B4EE81 /* Base */ = {isa = PBXFileReference; lastKnownFileType = file.storyboard; name = Base; path = Base.lproj/Main.storyboard; sourceTree = "<group>"; };
		F85FEFD021ABFF6C00B4EE81 /* Assets.xcassets */ = {isa = PBXFileReference; lastKnownFileType = folder.assetcatalog; path = Assets.xcassets; sourceTree = "<group>"; };
		F85FEFD321ABFF6C00B4EE81 /* Base */ = {isa = PBXFileReference; lastKnownFileType = file.storyboard; name = Base; path = Base.lproj/LaunchScreen.storyboard; sourceTree = "<group>"; };
		F85FEFD521ABFF6C00B4EE81 /* Info.plist */ = {isa = PBXFileReference; lastKnownFileType = text.plist.xml; path = Info.plist; sourceTree = "<group>"; };
		F85FEFDA21ABFF6C00B4EE81 /* Enceladus 2.0Tests.xctest */ = {isa = PBXFileReference; explicitFileType = wrapper.cfbundle; includeInIndex = 0; path = "Enceladus 2.0Tests.xctest"; sourceTree = BUILT_PRODUCTS_DIR; };
		F85FEFDE21ABFF6C00B4EE81 /* Enceladus_2_0Tests.swift */ = {isa = PBXFileReference; lastKnownFileType = sourcecode.swift; path = Enceladus_2_0Tests.swift; sourceTree = "<group>"; };
		F85FEFE021ABFF6C00B4EE81 /* Info.plist */ = {isa = PBXFileReference; lastKnownFileType = text.plist.xml; path = Info.plist; sourceTree = "<group>"; };
		F85FEFE521ABFF6C00B4EE81 /* Enceladus 2.0UITests.xctest */ = {isa = PBXFileReference; explicitFileType = wrapper.cfbundle; includeInIndex = 0; path = "Enceladus 2.0UITests.xctest"; sourceTree = BUILT_PRODUCTS_DIR; };
		F85FEFE921ABFF6C00B4EE81 /* Enceladus_2_0UITests.swift */ = {isa = PBXFileReference; lastKnownFileType = sourcecode.swift; path = Enceladus_2_0UITests.swift; sourceTree = "<group>"; };
		F85FEFEB21ABFF6C00B4EE81 /* Info.plist */ = {isa = PBXFileReference; lastKnownFileType = text.plist.xml; path = Info.plist; sourceTree = "<group>"; };
		F85FEFF821AC02FD00B4EE81 /* BaseCoordinator.swift */ = {isa = PBXFileReference; lastKnownFileType = sourcecode.swift; path = BaseCoordinator.swift; sourceTree = "<group>"; };
		F85FEFFB21AC1D6100B4EE81 /* Repository.swift */ = {isa = PBXFileReference; lastKnownFileType = sourcecode.swift; path = Repository.swift; sourceTree = "<group>"; };
		F85FF00121AC23C000B4EE81 /* RepositoryOverviewViewController.swift */ = {isa = PBXFileReference; lastKnownFileType = sourcecode.swift; path = RepositoryOverviewViewController.swift; sourceTree = "<group>"; };
		F85FF00321AC23E300B4EE81 /* RepositoryOverviewViewModel.swift */ = {isa = PBXFileReference; lastKnownFileType = sourcecode.swift; path = RepositoryOverviewViewModel.swift; sourceTree = "<group>"; };
		F85FF00521AC256C00B4EE81 /* RepositoryCell.swift */ = {isa = PBXFileReference; lastKnownFileType = sourcecode.swift; path = RepositoryCell.swift; sourceTree = "<group>"; };
		F85FF00721AC449E00B4EE81 /* RepositoryListCoordinator.swift */ = {isa = PBXFileReference; lastKnownFileType = sourcecode.swift; path = RepositoryListCoordinator.swift; sourceTree = "<group>"; };
		F85FF00921AC484D00B4EE81 /* AppCoordinator.swift */ = {isa = PBXFileReference; lastKnownFileType = sourcecode.swift; path = AppCoordinator.swift; sourceTree = "<group>"; };
		F85FF00C21AC4DE000B4EE81 /* LanguageListViewController.swift */ = {isa = PBXFileReference; lastKnownFileType = sourcecode.swift; path = LanguageListViewController.swift; sourceTree = "<group>"; };
		F85FF00E21AC4E7B00B4EE81 /* LanguageListViewModel.swift */ = {isa = PBXFileReference; lastKnownFileType = sourcecode.swift; path = LanguageListViewModel.swift; sourceTree = "<group>"; };
		F85FF01021AC55EA00B4EE81 /* LanguageListCoordinator.swift */ = {isa = PBXFileReference; lastKnownFileType = sourcecode.swift; path = LanguageListCoordinator.swift; sourceTree = "<group>"; };
		F85FF04C21B0138000B4EE81 /* Http.swift */ = {isa = PBXFileReference; lastKnownFileType = sourcecode.swift; path = Http.swift; sourceTree = "<group>"; };
		F85FF04E21B014F700B4EE81 /* Encoding.swift */ = {isa = PBXFileReference; lastKnownFileType = sourcecode.swift; path = Encoding.swift; sourceTree = "<group>"; };
		F85FF05021B01F5F00B4EE81 /* Router.swift */ = {isa = PBXFileReference; lastKnownFileType = sourcecode.swift; path = Router.swift; sourceTree = "<group>"; };
		F85FF05221B031FC00B4EE81 /* NetworkLogger.swift */ = {isa = PBXFileReference; lastKnownFileType = sourcecode.swift; path = NetworkLogger.swift; sourceTree = "<group>"; };
		F85FF05421B0334500B4EE81 /* MainViewController.swift */ = {isa = PBXFileReference; lastKnownFileType = sourcecode.swift; path = MainViewController.swift; sourceTree = "<group>"; };
		F85FF05621B0339F00B4EE81 /* Repos.swift */ = {isa = PBXFileReference; lastKnownFileType = sourcecode.swift; path = Repos.swift; sourceTree = "<group>"; };
		F85FF05921B0347900B4EE81 /* GitHubService.swift */ = {isa = PBXFileReference; lastKnownFileType = sourcecode.swift; path = GitHubService.swift; sourceTree = "<group>"; };
		F85FF05B21B0390500B4EE81 /* NetworkManager.swift */ = {isa = PBXFileReference; lastKnownFileType = sourcecode.swift; path = NetworkManager.swift; sourceTree = "<group>"; };
/* End PBXFileReference section */

/* Begin PBXFrameworksBuildPhase section */
		F85FEFC321ABFF6A00B4EE81 /* Frameworks */ = {
			isa = PBXFrameworksBuildPhase;
			buildActionMask = 2147483647;
			files = (
				0C1FDCAF5BFD5F5140268783 /* Pods_Enceladus_2_0.framework in Frameworks */,
			);
			runOnlyForDeploymentPostprocessing = 0;
		};
		F85FEFD721ABFF6C00B4EE81 /* Frameworks */ = {
			isa = PBXFrameworksBuildPhase;
			buildActionMask = 2147483647;
			files = (
				7C087E7D16C6C9161EF52E41 /* Pods_Enceladus_2_0Tests.framework in Frameworks */,
			);
			runOnlyForDeploymentPostprocessing = 0;
		};
		F85FEFE221ABFF6C00B4EE81 /* Frameworks */ = {
			isa = PBXFrameworksBuildPhase;
			buildActionMask = 2147483647;
			files = (
				D60F30D4106FAB20A1D31873 /* Pods_Enceladus_2_0UITests.framework in Frameworks */,
			);
			runOnlyForDeploymentPostprocessing = 0;
		};
/* End PBXFrameworksBuildPhase section */

/* Begin PBXGroup section */
		4391E56E864C9B6F42B7967B /* Pods */ = {
			isa = PBXGroup;
			children = (
				E763B133BE61532C040A6C36 /* Pods-Enceladus 2.0.debug.xcconfig */,
				6E19CF06F322422F37364C98 /* Pods-Enceladus 2.0.release.xcconfig */,
				4972E184CD27A91C9CB03FBE /* Pods-Enceladus 2.0Tests.debug.xcconfig */,
				C7B16124DAD1BF87C5DB3198 /* Pods-Enceladus 2.0Tests.release.xcconfig */,
				D0A0B8346C15741E1BF6EE41 /* Pods-Enceladus 2.0UITests.debug.xcconfig */,
				201868147358A9B0442B1D4D /* Pods-Enceladus 2.0UITests.release.xcconfig */,
			);
			name = Pods;
			sourceTree = "<group>";
		};
		DAC7BC09F85509C308FD4ABB /* Frameworks */ = {
			isa = PBXGroup;
			children = (
				4F4F61796FD246198C0438AD /* Pods_Enceladus_2_0.framework */,
				9797082BEC89CC77192813FF /* Pods_Enceladus_2_0Tests.framework */,
				E2EB21673B8276B24CAFD060 /* Pods_Enceladus_2_0UITests.framework */,
			);
			name = Frameworks;
			sourceTree = "<group>";
		};
		F85FEFBD21ABFF6A00B4EE81 = {
			isa = PBXGroup;
			children = (
				F85FEFC821ABFF6A00B4EE81 /* Enceladus 2.0 */,
				F85FEFDD21ABFF6C00B4EE81 /* Enceladus 2.0Tests */,
				F85FEFE821ABFF6C00B4EE81 /* Enceladus 2.0UITests */,
				F85FEFC721ABFF6A00B4EE81 /* Products */,
				4391E56E864C9B6F42B7967B /* Pods */,
				DAC7BC09F85509C308FD4ABB /* Frameworks */,
			);
			sourceTree = "<group>";
		};
		F85FEFC721ABFF6A00B4EE81 /* Products */ = {
			isa = PBXGroup;
			children = (
				F85FEFC621ABFF6A00B4EE81 /* Enceladus 2.0.app */,
				F85FEFDA21ABFF6C00B4EE81 /* Enceladus 2.0Tests.xctest */,
				F85FEFE521ABFF6C00B4EE81 /* Enceladus 2.0UITests.xctest */,
			);
			name = Products;
			sourceTree = "<group>";
		};
		F85FEFC821ABFF6A00B4EE81 /* Enceladus 2.0 */ = {
			isa = PBXGroup;
			children = (
				F85FF05821B033CF00B4EE81 /* Services */,
				F85FF00B21AC4DAD00B4EE81 /* LanguageList */,
				F85FF00021AC226700B4EE81 /* Repositories */,
				F85FEFFA21AC1D3B00B4EE81 /* Model */,
				F85FEFF721AC02E200B4EE81 /* Coordinators */,
				F85FEFFD21AC1D9800B4EE81 /* Generics */,
				F85FEFC921ABFF6A00B4EE81 /* AppDelegate.swift */,
				F85FEFCD21ABFF6A00B4EE81 /* Main.storyboard */,
				F85FEFD021ABFF6C00B4EE81 /* Assets.xcassets */,
				F85FEFD221ABFF6C00B4EE81 /* LaunchScreen.storyboard */,
				F85FEFD521ABFF6C00B4EE81 /* Info.plist */,
				F85FF05421B0334500B4EE81 /* MainViewController.swift */,
			);
			path = "Enceladus 2.0";
			sourceTree = "<group>";
		};
		F85FEFDD21ABFF6C00B4EE81 /* Enceladus 2.0Tests */ = {
			isa = PBXGroup;
			children = (
				F85FEFDE21ABFF6C00B4EE81 /* Enceladus_2_0Tests.swift */,
				F85FEFE021ABFF6C00B4EE81 /* Info.plist */,
			);
			path = "Enceladus 2.0Tests";
			sourceTree = "<group>";
		};
		F85FEFE821ABFF6C00B4EE81 /* Enceladus 2.0UITests */ = {
			isa = PBXGroup;
			children = (
				F85FEFE921ABFF6C00B4EE81 /* Enceladus_2_0UITests.swift */,
				F85FEFEB21ABFF6C00B4EE81 /* Info.plist */,
			);
			path = "Enceladus 2.0UITests";
			sourceTree = "<group>";
		};
		F85FEFF721AC02E200B4EE81 /* Coordinators */ = {
			isa = PBXGroup;
			children = (
				F85FF00921AC484D00B4EE81 /* AppCoordinator.swift */,
				F85FEFF821AC02FD00B4EE81 /* BaseCoordinator.swift */,
			);
			path = Coordinators;
			sourceTree = "<group>";
		};
		F85FEFFA21AC1D3B00B4EE81 /* Model */ = {
			isa = PBXGroup;
			children = (
				F85FEFFB21AC1D6100B4EE81 /* Repository.swift */,
				F85FF05621B0339F00B4EE81 /* Repos.swift */,
			);
			path = Model;
			sourceTree = "<group>";
		};
		F85FEFFD21AC1D9800B4EE81 /* Generics */ = {
			isa = PBXGroup;
			children = (
				F85FF04821B011B500B4EE81 /* Networking */,
			);
			path = Generics;
			sourceTree = "<group>";
		};
		F85FF00021AC226700B4EE81 /* Repositories */ = {
			isa = PBXGroup;
			children = (
				F85FF00121AC23C000B4EE81 /* RepositoryOverviewViewController.swift */,
				F85FF00321AC23E300B4EE81 /* RepositoryOverviewViewModel.swift */,
				F85FF00521AC256C00B4EE81 /* RepositoryCell.swift */,
				F85FF00721AC449E00B4EE81 /* RepositoryListCoordinator.swift */,
			);
			path = Repositories;
			sourceTree = "<group>";
		};
		F85FF00B21AC4DAD00B4EE81 /* LanguageList */ = {
			isa = PBXGroup;
			children = (
				F85FF00C21AC4DE000B4EE81 /* LanguageListViewController.swift */,
				F85FF00E21AC4E7B00B4EE81 /* LanguageListViewModel.swift */,
				F85FF01021AC55EA00B4EE81 /* LanguageListCoordinator.swift */,
			);
			path = LanguageList;
			sourceTree = "<group>";
		};
		F85FF04821B011B500B4EE81 /* Networking */ = {
			isa = PBXGroup;
			children = (
				F85FF04C21B0138000B4EE81 /* Http.swift */,
				F85FF04E21B014F700B4EE81 /* Encoding.swift */,
				F85FF05021B01F5F00B4EE81 /* Router.swift */,
				F85FF05221B031FC00B4EE81 /* NetworkLogger.swift */,
				F85FF05B21B0390500B4EE81 /* NetworkManager.swift */,
			);
			path = Networking;
			sourceTree = "<group>";
		};
		F85FF05821B033CF00B4EE81 /* Services */ = {
			isa = PBXGroup;
			children = (
				F85FF05921B0347900B4EE81 /* GitHubService.swift */,
			);
			path = Services;
			sourceTree = "<group>";
		};
/* End PBXGroup section */

/* Begin PBXNativeTarget section */
		F85FEFC521ABFF6A00B4EE81 /* Enceladus 2.0 */ = {
			isa = PBXNativeTarget;
			buildConfigurationList = F85FEFEE21ABFF6C00B4EE81 /* Build configuration list for PBXNativeTarget "Enceladus 2.0" */;
			buildPhases = (
				E602200FDBA8835A73B429FC /* [CP] Check Pods Manifest.lock */,
				F85FEFC221ABFF6A00B4EE81 /* Sources */,
				F85FEFC321ABFF6A00B4EE81 /* Frameworks */,
				F85FEFC421ABFF6A00B4EE81 /* Resources */,
				F75203A39A6973E99BF2009B /* [CP] Embed Pods Frameworks */,
			);
			buildRules = (
			);
			dependencies = (
			);
			name = "Enceladus 2.0";
			productName = "Enceladus 2.0";
			productReference = F85FEFC621ABFF6A00B4EE81 /* Enceladus 2.0.app */;
			productType = "com.apple.product-type.application";
		};
		F85FEFD921ABFF6C00B4EE81 /* Enceladus 2.0Tests */ = {
			isa = PBXNativeTarget;
			buildConfigurationList = F85FEFF121ABFF6C00B4EE81 /* Build configuration list for PBXNativeTarget "Enceladus 2.0Tests" */;
			buildPhases = (
				A9E5BE93F14E8C6163762F6B /* [CP] Check Pods Manifest.lock */,
				F85FEFD621ABFF6C00B4EE81 /* Sources */,
				F85FEFD721ABFF6C00B4EE81 /* Frameworks */,
				F85FEFD821ABFF6C00B4EE81 /* Resources */,
			);
			buildRules = (
			);
			dependencies = (
				F85FEFDC21ABFF6C00B4EE81 /* PBXTargetDependency */,
			);
			name = "Enceladus 2.0Tests";
			productName = "Enceladus 2.0Tests";
			productReference = F85FEFDA21ABFF6C00B4EE81 /* Enceladus 2.0Tests.xctest */;
			productType = "com.apple.product-type.bundle.unit-test";
		};
		F85FEFE421ABFF6C00B4EE81 /* Enceladus 2.0UITests */ = {
			isa = PBXNativeTarget;
			buildConfigurationList = F85FEFF421ABFF6C00B4EE81 /* Build configuration list for PBXNativeTarget "Enceladus 2.0UITests" */;
			buildPhases = (
				AF9C36ACB56DCFE9A5E9C297 /* [CP] Check Pods Manifest.lock */,
				F85FEFE121ABFF6C00B4EE81 /* Sources */,
				F85FEFE221ABFF6C00B4EE81 /* Frameworks */,
				F85FEFE321ABFF6C00B4EE81 /* Resources */,
			);
			buildRules = (
			);
			dependencies = (
				F85FEFE721ABFF6C00B4EE81 /* PBXTargetDependency */,
			);
			name = "Enceladus 2.0UITests";
			productName = "Enceladus 2.0UITests";
			productReference = F85FEFE521ABFF6C00B4EE81 /* Enceladus 2.0UITests.xctest */;
			productType = "com.apple.product-type.bundle.ui-testing";
		};
/* End PBXNativeTarget section */

/* Begin PBXProject section */
		F85FEFBE21ABFF6A00B4EE81 /* Project object */ = {
			isa = PBXProject;
			attributes = {
				LastSwiftUpdateCheck = 1010;
				LastUpgradeCheck = 1010;
				ORGANIZATIONNAME = "Maksim Tsvetkov";
				TargetAttributes = {
					F85FEFC521ABFF6A00B4EE81 = {
						CreatedOnToolsVersion = 10.1;
					};
					F85FEFD921ABFF6C00B4EE81 = {
						CreatedOnToolsVersion = 10.1;
						TestTargetID = F85FEFC521ABFF6A00B4EE81;
					};
					F85FEFE421ABFF6C00B4EE81 = {
						CreatedOnToolsVersion = 10.1;
						TestTargetID = F85FEFC521ABFF6A00B4EE81;
					};
				};
			};
			buildConfigurationList = F85FEFC121ABFF6A00B4EE81 /* Build configuration list for PBXProject "Enceladus 2.0" */;
			compatibilityVersion = "Xcode 9.3";
			developmentRegion = en;
			hasScannedForEncodings = 0;
			knownRegions = (
				en,
				Base,
			);
			mainGroup = F85FEFBD21ABFF6A00B4EE81;
			productRefGroup = F85FEFC721ABFF6A00B4EE81 /* Products */;
			projectDirPath = "";
			projectRoot = "";
			targets = (
				F85FEFC521ABFF6A00B4EE81 /* Enceladus 2.0 */,
				F85FEFD921ABFF6C00B4EE81 /* Enceladus 2.0Tests */,
				F85FEFE421ABFF6C00B4EE81 /* Enceladus 2.0UITests */,
			);
		};
/* End PBXProject section */

/* Begin PBXResourcesBuildPhase section */
		F85FEFC421ABFF6A00B4EE81 /* Resources */ = {
			isa = PBXResourcesBuildPhase;
			buildActionMask = 2147483647;
			files = (
				F85FEFD421ABFF6C00B4EE81 /* LaunchScreen.storyboard in Resources */,
				F85FEFD121ABFF6C00B4EE81 /* Assets.xcassets in Resources */,
				F85FEFCF21ABFF6A00B4EE81 /* Main.storyboard in Resources */,
			);
			runOnlyForDeploymentPostprocessing = 0;
		};
		F85FEFD821ABFF6C00B4EE81 /* Resources */ = {
			isa = PBXResourcesBuildPhase;
			buildActionMask = 2147483647;
			files = (
			);
			runOnlyForDeploymentPostprocessing = 0;
		};
		F85FEFE321ABFF6C00B4EE81 /* Resources */ = {
			isa = PBXResourcesBuildPhase;
			buildActionMask = 2147483647;
			files = (
			);
			runOnlyForDeploymentPostprocessing = 0;
		};
/* End PBXResourcesBuildPhase section */

/* Begin PBXShellScriptBuildPhase section */
		A9E5BE93F14E8C6163762F6B /* [CP] Check Pods Manifest.lock */ = {
			isa = PBXShellScriptBuildPhase;
			buildActionMask = 2147483647;
			files = (
			);
			inputFileListPaths = (
			);
			inputPaths = (
				"${PODS_PODFILE_DIR_PATH}/Podfile.lock",
				"${PODS_ROOT}/Manifest.lock",
			);
			name = "[CP] Check Pods Manifest.lock";
			outputFileListPaths = (
			);
			outputPaths = (
				"$(DERIVED_FILE_DIR)/Pods-Enceladus 2.0Tests-checkManifestLockResult.txt",
			);
			runOnlyForDeploymentPostprocessing = 0;
			shellPath = /bin/sh;
			shellScript = "diff \"${PODS_PODFILE_DIR_PATH}/Podfile.lock\" \"${PODS_ROOT}/Manifest.lock\" > /dev/null\nif [ $? != 0 ] ; then\n    # print error to STDERR\n    echo \"error: The sandbox is not in sync with the Podfile.lock. Run 'pod install' or update your CocoaPods installation.\" >&2\n    exit 1\nfi\n# This output is used by Xcode 'outputs' to avoid re-running this script phase.\necho \"SUCCESS\" > \"${SCRIPT_OUTPUT_FILE_0}\"\n";
			showEnvVarsInLog = 0;
		};
		AF9C36ACB56DCFE9A5E9C297 /* [CP] Check Pods Manifest.lock */ = {
			isa = PBXShellScriptBuildPhase;
			buildActionMask = 2147483647;
			files = (
			);
			inputFileListPaths = (
			);
			inputPaths = (
				"${PODS_PODFILE_DIR_PATH}/Podfile.lock",
				"${PODS_ROOT}/Manifest.lock",
			);
			name = "[CP] Check Pods Manifest.lock";
			outputFileListPaths = (
			);
			outputPaths = (
				"$(DERIVED_FILE_DIR)/Pods-Enceladus 2.0UITests-checkManifestLockResult.txt",
			);
			runOnlyForDeploymentPostprocessing = 0;
			shellPath = /bin/sh;
			shellScript = "diff \"${PODS_PODFILE_DIR_PATH}/Podfile.lock\" \"${PODS_ROOT}/Manifest.lock\" > /dev/null\nif [ $? != 0 ] ; then\n    # print error to STDERR\n    echo \"error: The sandbox is not in sync with the Podfile.lock. Run 'pod install' or update your CocoaPods installation.\" >&2\n    exit 1\nfi\n# This output is used by Xcode 'outputs' to avoid re-running this script phase.\necho \"SUCCESS\" > \"${SCRIPT_OUTPUT_FILE_0}\"\n";
			showEnvVarsInLog = 0;
		};
		E602200FDBA8835A73B429FC /* [CP] Check Pods Manifest.lock */ = {
			isa = PBXShellScriptBuildPhase;
			buildActionMask = 2147483647;
			files = (
			);
			inputFileListPaths = (
			);
			inputPaths = (
				"${PODS_PODFILE_DIR_PATH}/Podfile.lock",
				"${PODS_ROOT}/Manifest.lock",
			);
			name = "[CP] Check Pods Manifest.lock";
			outputFileListPaths = (
			);
			outputPaths = (
				"$(DERIVED_FILE_DIR)/Pods-Enceladus 2.0-checkManifestLockResult.txt",
			);
			runOnlyForDeploymentPostprocessing = 0;
			shellPath = /bin/sh;
			shellScript = "diff \"${PODS_PODFILE_DIR_PATH}/Podfile.lock\" \"${PODS_ROOT}/Manifest.lock\" > /dev/null\nif [ $? != 0 ] ; then\n    # print error to STDERR\n    echo \"error: The sandbox is not in sync with the Podfile.lock. Run 'pod install' or update your CocoaPods installation.\" >&2\n    exit 1\nfi\n# This output is used by Xcode 'outputs' to avoid re-running this script phase.\necho \"SUCCESS\" > \"${SCRIPT_OUTPUT_FILE_0}\"\n";
			showEnvVarsInLog = 0;
		};
		F75203A39A6973E99BF2009B /* [CP] Embed Pods Frameworks */ = {
			isa = PBXShellScriptBuildPhase;
			buildActionMask = 2147483647;
			files = (
			);
			inputFileListPaths = (
			);
			inputPaths = (
				"${SRCROOT}/Pods/Target Support Files/Pods-Enceladus 2.0/Pods-Enceladus 2.0-frameworks.sh",
				"${BUILT_PRODUCTS_DIR}/RxAtomic/RxAtomic.framework",
				"${BUILT_PRODUCTS_DIR}/RxCocoa/RxCocoa.framework",
				"${BUILT_PRODUCTS_DIR}/RxSwift/RxSwift.framework",
			);
			name = "[CP] Embed Pods Frameworks";
			outputFileListPaths = (
			);
			outputPaths = (
				"${TARGET_BUILD_DIR}/${FRAMEWORKS_FOLDER_PATH}/RxAtomic.framework",
				"${TARGET_BUILD_DIR}/${FRAMEWORKS_FOLDER_PATH}/RxCocoa.framework",
				"${TARGET_BUILD_DIR}/${FRAMEWORKS_FOLDER_PATH}/RxSwift.framework",
			);
			runOnlyForDeploymentPostprocessing = 0;
			shellPath = /bin/sh;
			shellScript = "\"${SRCROOT}/Pods/Target Support Files/Pods-Enceladus 2.0/Pods-Enceladus 2.0-frameworks.sh\"\n";
			showEnvVarsInLog = 0;
		};
/* End PBXShellScriptBuildPhase section */

/* Begin PBXSourcesBuildPhase section */
		F85FEFC221ABFF6A00B4EE81 /* Sources */ = {
			isa = PBXSourcesBuildPhase;
			buildActionMask = 2147483647;
			files = (
				F85FEFF921AC02FD00B4EE81 /* BaseCoordinator.swift in Sources */,
				F85FF04D21B0138000B4EE81 /* Http.swift in Sources */,
				F85FF04F21B014F700B4EE81 /* Encoding.swift in Sources */,
				F85FF00621AC256C00B4EE81 /* RepositoryCell.swift in Sources */,
				F85FF00821AC449E00B4EE81 /* RepositoryListCoordinator.swift in Sources */,
				F85FEFCA21ABFF6A00B4EE81 /* AppDelegate.swift in Sources */,
				F85FF01121AC55EA00B4EE81 /* LanguageListCoordinator.swift in Sources */,
				F85FF05521B0334500B4EE81 /* MainViewController.swift in Sources */,
				F85FF00221AC23C000B4EE81 /* RepositoryOverviewViewController.swift in Sources */,
				F85FF05721B0339F00B4EE81 /* Repos.swift in Sources */,
				F85FF05A21B0347900B4EE81 /* GitHubService.swift in Sources */,
				F85FF05321B031FC00B4EE81 /* NetworkLogger.swift in Sources */,
				F85FF05C21B0390500B4EE81 /* NetworkManager.swift in Sources */,
				F85FF00A21AC484D00B4EE81 /* AppCoordinator.swift in Sources */,
				F85FF05121B01F5F00B4EE81 /* Router.swift in Sources */,
				F85FF00F21AC4E7B00B4EE81 /* LanguageListViewModel.swift in Sources */,
				F85FEFFC21AC1D6100B4EE81 /* Repository.swift in Sources */,
				F85FF00D21AC4DE000B4EE81 /* LanguageListViewController.swift in Sources */,
				F85FF00421AC23E300B4EE81 /* RepositoryOverviewViewModel.swift in Sources */,
			);
			runOnlyForDeploymentPostprocessing = 0;
		};
		F85FEFD621ABFF6C00B4EE81 /* Sources */ = {
			isa = PBXSourcesBuildPhase;
			buildActionMask = 2147483647;
			files = (
				F85FEFDF21ABFF6C00B4EE81 /* Enceladus_2_0Tests.swift in Sources */,
			);
			runOnlyForDeploymentPostprocessing = 0;
		};
		F85FEFE121ABFF6C00B4EE81 /* Sources */ = {
			isa = PBXSourcesBuildPhase;
			buildActionMask = 2147483647;
			files = (
				F85FEFEA21ABFF6C00B4EE81 /* Enceladus_2_0UITests.swift in Sources */,
			);
			runOnlyForDeploymentPostprocessing = 0;
		};
/* End PBXSourcesBuildPhase section */

/* Begin PBXTargetDependency section */
		F85FEFDC21ABFF6C00B4EE81 /* PBXTargetDependency */ = {
			isa = PBXTargetDependency;
			target = F85FEFC521ABFF6A00B4EE81 /* Enceladus 2.0 */;
			targetProxy = F85FEFDB21ABFF6C00B4EE81 /* PBXContainerItemProxy */;
		};
		F85FEFE721ABFF6C00B4EE81 /* PBXTargetDependency */ = {
			isa = PBXTargetDependency;
			target = F85FEFC521ABFF6A00B4EE81 /* Enceladus 2.0 */;
			targetProxy = F85FEFE621ABFF6C00B4EE81 /* PBXContainerItemProxy */;
		};
/* End PBXTargetDependency section */

/* Begin PBXVariantGroup section */
		F85FEFCD21ABFF6A00B4EE81 /* Main.storyboard */ = {
			isa = PBXVariantGroup;
			children = (
				F85FEFCE21ABFF6A00B4EE81 /* Base */,
			);
			name = Main.storyboard;
			sourceTree = "<group>";
		};
		F85FEFD221ABFF6C00B4EE81 /* LaunchScreen.storyboard */ = {
			isa = PBXVariantGroup;
			children = (
				F85FEFD321ABFF6C00B4EE81 /* Base */,
			);
			name = LaunchScreen.storyboard;
			sourceTree = "<group>";
		};
/* End PBXVariantGroup section */

/* Begin XCBuildConfiguration section */
		F85FEFEC21ABFF6C00B4EE81 /* Debug */ = {
			isa = XCBuildConfiguration;
			buildSettings = {
				ALWAYS_SEARCH_USER_PATHS = NO;
				CLANG_ANALYZER_NONNULL = YES;
				CLANG_ANALYZER_NUMBER_OBJECT_CONVERSION = YES_AGGRESSIVE;
				CLANG_CXX_LANGUAGE_STANDARD = "gnu++14";
				CLANG_CXX_LIBRARY = "libc++";
				CLANG_ENABLE_MODULES = YES;
				CLANG_ENABLE_OBJC_ARC = YES;
				CLANG_ENABLE_OBJC_WEAK = YES;
				CLANG_WARN_BLOCK_CAPTURE_AUTORELEASING = YES;
				CLANG_WARN_BOOL_CONVERSION = YES;
				CLANG_WARN_COMMA = YES;
				CLANG_WARN_CONSTANT_CONVERSION = YES;
				CLANG_WARN_DEPRECATED_OBJC_IMPLEMENTATIONS = YES;
				CLANG_WARN_DIRECT_OBJC_ISA_USAGE = YES_ERROR;
				CLANG_WARN_DOCUMENTATION_COMMENTS = YES;
				CLANG_WARN_EMPTY_BODY = YES;
				CLANG_WARN_ENUM_CONVERSION = YES;
				CLANG_WARN_INFINITE_RECURSION = YES;
				CLANG_WARN_INT_CONVERSION = YES;
				CLANG_WARN_NON_LITERAL_NULL_CONVERSION = YES;
				CLANG_WARN_OBJC_IMPLICIT_RETAIN_SELF = YES;
				CLANG_WARN_OBJC_LITERAL_CONVERSION = YES;
				CLANG_WARN_OBJC_ROOT_CLASS = YES_ERROR;
				CLANG_WARN_RANGE_LOOP_ANALYSIS = YES;
				CLANG_WARN_STRICT_PROTOTYPES = YES;
				CLANG_WARN_SUSPICIOUS_MOVE = YES;
				CLANG_WARN_UNGUARDED_AVAILABILITY = YES_AGGRESSIVE;
				CLANG_WARN_UNREACHABLE_CODE = YES;
				CLANG_WARN__DUPLICATE_METHOD_MATCH = YES;
				CODE_SIGN_IDENTITY = "iPhone Developer";
				COPY_PHASE_STRIP = NO;
				DEBUG_INFORMATION_FORMAT = dwarf;
				ENABLE_STRICT_OBJC_MSGSEND = YES;
				ENABLE_TESTABILITY = YES;
				GCC_C_LANGUAGE_STANDARD = gnu11;
				GCC_DYNAMIC_NO_PIC = NO;
				GCC_NO_COMMON_BLOCKS = YES;
				GCC_OPTIMIZATION_LEVEL = 0;
				GCC_PREPROCESSOR_DEFINITIONS = (
					"DEBUG=1",
					"$(inherited)",
				);
				GCC_WARN_64_TO_32_BIT_CONVERSION = YES;
				GCC_WARN_ABOUT_RETURN_TYPE = YES_ERROR;
				GCC_WARN_UNDECLARED_SELECTOR = YES;
				GCC_WARN_UNINITIALIZED_AUTOS = YES_AGGRESSIVE;
				GCC_WARN_UNUSED_FUNCTION = YES;
				GCC_WARN_UNUSED_VARIABLE = YES;
				IPHONEOS_DEPLOYMENT_TARGET = 12.1;
				MTL_ENABLE_DEBUG_INFO = INCLUDE_SOURCE;
				MTL_FAST_MATH = YES;
				ONLY_ACTIVE_ARCH = YES;
				SDKROOT = iphoneos;
				SWIFT_ACTIVE_COMPILATION_CONDITIONS = DEBUG;
				SWIFT_OPTIMIZATION_LEVEL = "-Onone";
			};
			name = Debug;
		};
		F85FEFED21ABFF6C00B4EE81 /* Release */ = {
			isa = XCBuildConfiguration;
			buildSettings = {
				ALWAYS_SEARCH_USER_PATHS = NO;
				CLANG_ANALYZER_NONNULL = YES;
				CLANG_ANALYZER_NUMBER_OBJECT_CONVERSION = YES_AGGRESSIVE;
				CLANG_CXX_LANGUAGE_STANDARD = "gnu++14";
				CLANG_CXX_LIBRARY = "libc++";
				CLANG_ENABLE_MODULES = YES;
				CLANG_ENABLE_OBJC_ARC = YES;
				CLANG_ENABLE_OBJC_WEAK = YES;
				CLANG_WARN_BLOCK_CAPTURE_AUTORELEASING = YES;
				CLANG_WARN_BOOL_CONVERSION = YES;
				CLANG_WARN_COMMA = YES;
				CLANG_WARN_CONSTANT_CONVERSION = YES;
				CLANG_WARN_DEPRECATED_OBJC_IMPLEMENTATIONS = YES;
				CLANG_WARN_DIRECT_OBJC_ISA_USAGE = YES_ERROR;
				CLANG_WARN_DOCUMENTATION_COMMENTS = YES;
				CLANG_WARN_EMPTY_BODY = YES;
				CLANG_WARN_ENUM_CONVERSION = YES;
				CLANG_WARN_INFINITE_RECURSION = YES;
				CLANG_WARN_INT_CONVERSION = YES;
				CLANG_WARN_NON_LITERAL_NULL_CONVERSION = YES;
				CLANG_WARN_OBJC_IMPLICIT_RETAIN_SELF = YES;
				CLANG_WARN_OBJC_LITERAL_CONVERSION = YES;
				CLANG_WARN_OBJC_ROOT_CLASS = YES_ERROR;
				CLANG_WARN_RANGE_LOOP_ANALYSIS = YES;
				CLANG_WARN_STRICT_PROTOTYPES = YES;
				CLANG_WARN_SUSPICIOUS_MOVE = YES;
				CLANG_WARN_UNGUARDED_AVAILABILITY = YES_AGGRESSIVE;
				CLANG_WARN_UNREACHABLE_CODE = YES;
				CLANG_WARN__DUPLICATE_METHOD_MATCH = YES;
				CODE_SIGN_IDENTITY = "iPhone Developer";
				COPY_PHASE_STRIP = NO;
				DEBUG_INFORMATION_FORMAT = "dwarf-with-dsym";
				ENABLE_NS_ASSERTIONS = NO;
				ENABLE_STRICT_OBJC_MSGSEND = YES;
				GCC_C_LANGUAGE_STANDARD = gnu11;
				GCC_NO_COMMON_BLOCKS = YES;
				GCC_WARN_64_TO_32_BIT_CONVERSION = YES;
				GCC_WARN_ABOUT_RETURN_TYPE = YES_ERROR;
				GCC_WARN_UNDECLARED_SELECTOR = YES;
				GCC_WARN_UNINITIALIZED_AUTOS = YES_AGGRESSIVE;
				GCC_WARN_UNUSED_FUNCTION = YES;
				GCC_WARN_UNUSED_VARIABLE = YES;
				IPHONEOS_DEPLOYMENT_TARGET = 12.1;
				MTL_ENABLE_DEBUG_INFO = NO;
				MTL_FAST_MATH = YES;
				SDKROOT = iphoneos;
				SWIFT_COMPILATION_MODE = wholemodule;
				SWIFT_OPTIMIZATION_LEVEL = "-O";
				VALIDATE_PRODUCT = YES;
			};
			name = Release;
		};
		F85FEFEF21ABFF6C00B4EE81 /* Debug */ = {
			isa = XCBuildConfiguration;
			baseConfigurationReference = E763B133BE61532C040A6C36 /* Pods-Enceladus 2.0.debug.xcconfig */;
			buildSettings = {
				ASSETCATALOG_COMPILER_APPICON_NAME = AppIcon;
				CODE_SIGN_STYLE = Automatic;
				INFOPLIST_FILE = "Enceladus 2.0/Info.plist";
				LD_RUNPATH_SEARCH_PATHS = (
					"$(inherited)",
					"@executable_path/Frameworks",
				);
				PRODUCT_BUNDLE_IDENTIFIER = "com.max.Enceladus-2-0";
				PRODUCT_NAME = "$(TARGET_NAME)";
				SWIFT_VERSION = 4.2;
				TARGETED_DEVICE_FAMILY = "1,2";
			};
			name = Debug;
		};
		F85FEFF021ABFF6C00B4EE81 /* Release */ = {
			isa = XCBuildConfiguration;
			baseConfigurationReference = 6E19CF06F322422F37364C98 /* Pods-Enceladus 2.0.release.xcconfig */;
			buildSettings = {
				ASSETCATALOG_COMPILER_APPICON_NAME = AppIcon;
				CODE_SIGN_STYLE = Automatic;
				INFOPLIST_FILE = "Enceladus 2.0/Info.plist";
				LD_RUNPATH_SEARCH_PATHS = (
					"$(inherited)",
					"@executable_path/Frameworks",
				);
				PRODUCT_BUNDLE_IDENTIFIER = "com.max.Enceladus-2-0";
				PRODUCT_NAME = "$(TARGET_NAME)";
				SWIFT_VERSION = 4.2;
				TARGETED_DEVICE_FAMILY = "1,2";
			};
			name = Release;
		};
		F85FEFF221ABFF6C00B4EE81 /* Debug */ = {
			isa = XCBuildConfiguration;
			baseConfigurationReference = 4972E184CD27A91C9CB03FBE /* Pods-Enceladus 2.0Tests.debug.xcconfig */;
			buildSettings = {
				ALWAYS_EMBED_SWIFT_STANDARD_LIBRARIES = YES;
				BUNDLE_LOADER = "$(TEST_HOST)";
				CODE_SIGN_STYLE = Automatic;
				INFOPLIST_FILE = "Enceladus 2.0Tests/Info.plist";
				LD_RUNPATH_SEARCH_PATHS = (
					"$(inherited)",
					"@executable_path/Frameworks",
					"@loader_path/Frameworks",
				);
				PRODUCT_BUNDLE_IDENTIFIER = "com.max.Enceladus-2-0Tests";
				PRODUCT_NAME = "$(TARGET_NAME)";
				SWIFT_VERSION = 4.2;
				TARGETED_DEVICE_FAMILY = "1,2";
				TEST_HOST = "$(BUILT_PRODUCTS_DIR)/Enceladus 2.0.app/Enceladus 2.0";
			};
			name = Debug;
		};
		F85FEFF321ABFF6C00B4EE81 /* Release */ = {
			isa = XCBuildConfiguration;
			baseConfigurationReference = C7B16124DAD1BF87C5DB3198 /* Pods-Enceladus 2.0Tests.release.xcconfig */;
			buildSettings = {
				ALWAYS_EMBED_SWIFT_STANDARD_LIBRARIES = YES;
				BUNDLE_LOADER = "$(TEST_HOST)";
				CODE_SIGN_STYLE = Automatic;
				INFOPLIST_FILE = "Enceladus 2.0Tests/Info.plist";
				LD_RUNPATH_SEARCH_PATHS = (
					"$(inherited)",
					"@executable_path/Frameworks",
					"@loader_path/Frameworks",
				);
				PRODUCT_BUNDLE_IDENTIFIER = "com.max.Enceladus-2-0Tests";
				PRODUCT_NAME = "$(TARGET_NAME)";
				SWIFT_VERSION = 4.2;
				TARGETED_DEVICE_FAMILY = "1,2";
				TEST_HOST = "$(BUILT_PRODUCTS_DIR)/Enceladus 2.0.app/Enceladus 2.0";
			};
			name = Release;
		};
		F85FEFF521ABFF6C00B4EE81 /* Debug */ = {
			isa = XCBuildConfiguration;
			baseConfigurationReference = D0A0B8346C15741E1BF6EE41 /* Pods-Enceladus 2.0UITests.debug.xcconfig */;
			buildSettings = {
				ALWAYS_EMBED_SWIFT_STANDARD_LIBRARIES = YES;
				CODE_SIGN_STYLE = Automatic;
				INFOPLIST_FILE = "Enceladus 2.0UITests/Info.plist";
				LD_RUNPATH_SEARCH_PATHS = (
					"$(inherited)",
					"@executable_path/Frameworks",
					"@loader_path/Frameworks",
				);
				PRODUCT_BUNDLE_IDENTIFIER = "com.max.Enceladus-2-0UITests";
				PRODUCT_NAME = "$(TARGET_NAME)";
				SWIFT_VERSION = 4.2;
				TARGETED_DEVICE_FAMILY = "1,2";
				TEST_TARGET_NAME = "Enceladus 2.0";
			};
			name = Debug;
		};
		F85FEFF621ABFF6C00B4EE81 /* Release */ = {
			isa = XCBuildConfiguration;
			baseConfigurationReference = 201868147358A9B0442B1D4D /* Pods-Enceladus 2.0UITests.release.xcconfig */;
			buildSettings = {
				ALWAYS_EMBED_SWIFT_STANDARD_LIBRARIES = YES;
				CODE_SIGN_STYLE = Automatic;
				INFOPLIST_FILE = "Enceladus 2.0UITests/Info.plist";
				LD_RUNPATH_SEARCH_PATHS = (
					"$(inherited)",
					"@executable_path/Frameworks",
					"@loader_path/Frameworks",
				);
				PRODUCT_BUNDLE_IDENTIFIER = "com.max.Enceladus-2-0UITests";
				PRODUCT_NAME = "$(TARGET_NAME)";
				SWIFT_VERSION = 4.2;
				TARGETED_DEVICE_FAMILY = "1,2";
				TEST_TARGET_NAME = "Enceladus 2.0";
			};
			name = Release;
		};
/* End XCBuildConfiguration section */

/* Begin XCConfigurationList section */
		F85FEFC121ABFF6A00B4EE81 /* Build configuration list for PBXProject "Enceladus 2.0" */ = {
			isa = XCConfigurationList;
			buildConfigurations = (
				F85FEFEC21ABFF6C00B4EE81 /* Debug */,
				F85FEFED21ABFF6C00B4EE81 /* Release */,
			);
			defaultConfigurationIsVisible = 0;
			defaultConfigurationName = Release;
		};
		F85FEFEE21ABFF6C00B4EE81 /* Build configuration list for PBXNativeTarget "Enceladus 2.0" */ = {
			isa = XCConfigurationList;
			buildConfigurations = (
				F85FEFEF21ABFF6C00B4EE81 /* Debug */,
				F85FEFF021ABFF6C00B4EE81 /* Release */,
			);
			defaultConfigurationIsVisible = 0;
			defaultConfigurationName = Release;
		};
		F85FEFF121ABFF6C00B4EE81 /* Build configuration list for PBXNativeTarget "Enceladus 2.0Tests" */ = {
			isa = XCConfigurationList;
			buildConfigurations = (
				F85FEFF221ABFF6C00B4EE81 /* Debug */,
				F85FEFF321ABFF6C00B4EE81 /* Release */,
			);
			defaultConfigurationIsVisible = 0;
			defaultConfigurationName = Release;
		};
		F85FEFF421ABFF6C00B4EE81 /* Build configuration list for PBXNativeTarget "Enceladus 2.0UITests" */ = {
			isa = XCConfigurationList;
			buildConfigurations = (
				F85FEFF521ABFF6C00B4EE81 /* Debug */,
				F85FEFF621ABFF6C00B4EE81 /* Release */,
			);
			defaultConfigurationIsVisible = 0;
			defaultConfigurationName = Release;
		};
/* End XCConfigurationList section */
	};
	rootObject = F85FEFBE21ABFF6A00B4EE81 /* Project object */;
}
